
Microsoft Visual Studio Solution File, Format Version 12.00
# Visual Studio Version 17
VisualStudioVersion = 17.14.36127.28
MinimumVisualStudioVersion = 10.0.40219.1
Project("{2150E333-8FDC-42A3-9474-1A3956D46DE8}") = "Client", "Client", "{02EA681E-C7D8-13C7-8484-4AC65E1B71E8}"
EndProject
Project("{2150E333-8FDC-42A3-9474-1A3956D46DE8}") = "Server", "Server", "{C5F33875-8CE9-4370-B9BD-13FEBA31690A}"
EndProject
Project("{2150E333-8FDC-42A3-9474-1A3956D46DE8}") = "Core", "Core", "{746E470C-A32E-4EB7-A7D1-F44DD12D58D9}"
EndProject
Project("{2150E333-8FDC-42A3-9474-1A3956D46DE8}") = "Infrastructure", "Infrastructure", "{A2FB66B9-5D36-4109-B988-B69EEA2CDA71}"
EndProject
Project("{2150E333-8FDC-42A3-9474-1A3956D46DE8}") = "Presentation", "Presentation", "{7CF28E45-5429-41A7-9338-19C615F3532C}"
EndProject
Project("{FAE04EC0-301F-11D3-BF4B-00C04F79EFBC}") = "UGMessenger.WebApplication", "Client\Presentation\UGMessenger.WebApplication\UGMessenger.WebApplication.csproj", "{F4450F4E-BDD6-4657-B97A-8E1E8EA231B5}"
EndProject
Project("{FAE04EC0-301F-11D3-BF4B-00C04F79EFBC}") = "UGMessenger.Domain", "Client\Core\UGMessenger.Domain\UGMessenger.Domain.csproj", "{2248B19E-4278-4000-836C-52063C3A7E0A}"
EndProject
Project("{FAE04EC0-301F-11D3-BF4B-00C04F79EFBC}") = "UGMessenger.Application", "Client\Core\UGMessenger.Application\UGMessenger.Application.csproj", "{55363840-9249-414D-96DB-DC91DABD1B5B}"
EndProject
Project("{FAE04EC0-301F-11D3-BF4B-00C04F79EFBC}") = "UGMessenger.Infrastructure", "Client\Infrastructure\UGMessenger.Infrastructure\UGMessenger.Infrastructure.csproj", "{AD90F397-4B9F-4602-BF59-1F5C2FF0021D}"
EndProject
Project("{FAE04EC0-301F-11D3-BF4B-00C04F79EFBC}") = "UGMessenger.Persistence", "Client\Infrastructure\UGMessenger.Persistence\UGMessenger.Persistence.csproj", "{3E4FEE43-EE87-4C5B-A5D5-E43DBD7329D7}"
EndProject
Project("{2150E333-8FDC-42A3-9474-1A3956D46DE8}") = "Microservices", "Microservices", "{CC535DB6-8FFF-4D0F-AF37-61DF64AB6300}"
EndProject
Project("{2150E333-8FDC-42A3-9474-1A3956D46DE8}") = "Identity", "Identity", "{DC8E38D4-F66E-45F3-BEA1-C66D7AAE1D51}"
EndProject
Project("{2150E333-8FDC-42A3-9474-1A3956D46DE8}") = "Chat", "Chat", "{27A7D87F-1D19-4781-927A-924E10491AD3}"
EndProject
Project("{2150E333-8FDC-42A3-9474-1A3956D46DE8}") = "Presence", "Presence", "{79EA0ED6-C11C-452B-9E99-36EBABF3DFE6}"
EndProject
Project("{2150E333-8FDC-42A3-9474-1A3956D46DE8}") = "Notification", "Notification", "{74D503BD-C094-4A10-A33E-C893074D0200}"
EndProject
Project("{2150E333-8FDC-42A3-9474-1A3956D46DE8}") = "APIGateways", "APIGateways", "{78C9B876-08E6-4EDA-BD06-E692E219C854}"
EndProject
Project("{2150E333-8FDC-42A3-9474-1A3956D46DE8}") = "Core", "Core", "{1BB3F2A7-FE75-4159-85A7-D6B9C4699F67}"
EndProject
Project("{2150E333-8FDC-42A3-9474-1A3956D46DE8}") = "Infrastructure", "Infrastructure", "{0E634F04-4C2A-46D7-B0AF-0398C99C300F}"
EndProject
Project("{2150E333-8FDC-42A3-9474-1A3956D46DE8}") = "Presentation", "Presentation", "{31AB0AF1-FA6D-49D4-9364-A72843C51E38}"
EndProject
Project("{2150E333-8FDC-42A3-9474-1A3956D46DE8}") = "Presentation", "Presentation", "{6158DCEC-9725-4A9F-81C4-718EE6154F16}"
EndProject
Project("{2150E333-8FDC-42A3-9474-1A3956D46DE8}") = "Infrastructure", "Infrastructure", "{C6032395-E71C-449B-8A3D-961920D87BF9}"
EndProject
Project("{2150E333-8FDC-42A3-9474-1A3956D46DE8}") = "Core", "Core", "{76E437B9-229C-4AE4-93C4-F901B45BC92C}"
EndProject
Project("{2150E333-8FDC-42A3-9474-1A3956D46DE8}") = "Presentation", "Presentation", "{AFC92273-50FE-4ED6-8F00-130EA415DCD4}"
EndProject
Project("{2150E333-8FDC-42A3-9474-1A3956D46DE8}") = "Infrastructure", "Infrastructure", "{10C3BE9F-B920-4F98-9B4C-DCC7616CF6E2}"
EndProject
Project("{2150E333-8FDC-42A3-9474-1A3956D46DE8}") = "Core", "Core", "{02B34247-6E9C-4307-8D28-31379208D3B9}"
EndProject
Project("{2150E333-8FDC-42A3-9474-1A3956D46DE8}") = "Core", "Core", "{7B97E9E1-1676-438A-B5CC-FD2FBC93BA03}"
EndProject
Project("{2150E333-8FDC-42A3-9474-1A3956D46DE8}") = "Infrastructure", "Infrastructure", "{6FEC0FD4-FC5D-48D9-A20C-9DF812CD38A3}"
EndProject
Project("{2150E333-8FDC-42A3-9474-1A3956D46DE8}") = "Presentation", "Presentation", "{8A9EEC6B-5E70-458E-9089-8CDFCDF18658}"
EndProject
Project("{FAE04EC0-301F-11D3-BF4B-00C04F79EFBC}") = "Chat.Domain", "Server\Microservices\Chat\Core\Chat.Domain\Chat.Domain.csproj", "{DFB1CD35-63BE-4895-835F-7F7D510E6DAC}"
EndProject
Project("{FAE04EC0-301F-11D3-BF4B-00C04F79EFBC}") = "Chat.Service", "Server\Microservices\Chat\Presentation\Chat.Service\Chat.Service.csproj", "{BAF93AFA-6D52-44B9-99FE-4501CAC6CF49}"
EndProject
Project("{FAE04EC0-301F-11D3-BF4B-00C04F79EFBC}") = "Chat.Application", "Server\Microservices\Chat\Core\Chat.Application\Chat.Application.csproj", "{22138E3C-33DE-4DFC-A117-2B18D5250C95}"
EndProject
Project("{FAE04EC0-301F-11D3-BF4B-00C04F79EFBC}") = "Chat.Infrastructure", "Server\Microservices\Chat\Infrastructure\Chat.Infrastructure\Chat.Infrastructure.csproj", "{312D2E60-422E-4119-A074-E0985AF2F698}"
EndProject
Project("{FAE04EC0-301F-11D3-BF4B-00C04F79EFBC}") = "Chat.Persistence", "Server\Microservices\Chat\Infrastructure\Chat.Persistence\Chat.Persistence.csproj", "{D47328FF-3245-466A-932D-F6C992594518}"
EndProject
Project("{FAE04EC0-301F-11D3-BF4B-00C04F79EFBC}") = "Identity.Service", "Server\Microservices\Identity\Presentation\Identity.Service\Identity.Service.csproj", "{AED1322B-6DEB-4320-9E0F-60B8C06A0867}"
EndProject
Project("{FAE04EC0-301F-11D3-BF4B-00C04F79EFBC}") = "Identity.Application", "Server\Microservices\Identity\Core\Identity.Application\Identity.Application.csproj", "{3385E4D4-C92C-4C85-89C3-267EA8D87524}"
EndProject
Project("{FAE04EC0-301F-11D3-BF4B-00C04F79EFBC}") = "Identity.Domain", "Server\Microservices\Identity\Core\Identity.Domain\Identity.Domain.csproj", "{8165D1AA-E7C5-44F6-BD94-814F6C016395}"
EndProject
Project("{FAE04EC0-301F-11D3-BF4B-00C04F79EFBC}") = "Identity.Infrastructure", "Server\Microservices\Identity\Infrastructure\Identity.Infrastructure\Identity.Infrastructure.csproj", "{38F292BB-4528-4445-9C3D-39FA28A68102}"
EndProject
Project("{FAE04EC0-301F-11D3-BF4B-00C04F79EFBC}") = "Identity.Persistence", "Server\Microservices\Identity\Infrastructure\Identity.Persistence\Identity.Persistence.csproj", "{1C1C592F-EBF1-4353-8D9A-E20F5ABE4740}"
EndProject
Project("{FAE04EC0-301F-11D3-BF4B-00C04F79EFBC}") = "Notification.Service", "Server\Microservices\Notification\Presentation\Notification.Service\Notification.Service.csproj", "{AF18F9E6-544A-4E6E-B9FE-1CBAFF246DB0}"
EndProject
Project("{FAE04EC0-301F-11D3-BF4B-00C04F79EFBC}") = "Notification.Infrastructure", "Server\Microservices\Notification\Infrastructure\Notification.Infrastructure\Notification.Infrastructure.csproj", "{18C0D2CD-1DD5-45BC-888C-C7D82A175F5E}"
EndProject
Project("{FAE04EC0-301F-11D3-BF4B-00C04F79EFBC}") = "Notification.Application", "Server\Microservices\Notification\Core\Notification.Application\Notification.Application.csproj", "{6436F029-95E3-4134-BF7C-DDEE672C596F}"
EndProject
Project("{FAE04EC0-301F-11D3-BF4B-00C04F79EFBC}") = "Presence.Service", "Server\Microservices\Presence\Presentation\Presence.Service\Presence.Service.csproj", "{ADAE50EC-FC95-4AF9-B50A-D42E72550A8B}"
EndProject
Project("{FAE04EC0-301F-11D3-BF4B-00C04F79EFBC}") = "Presence.Infrastructure", "Server\Microservices\Presence\Infrastructure\Presence.Infrastructure\Presence.Infrastructure.csproj", "{A0F8F09C-C407-4BF0-8944-E6B6AB6CDDE9}"
EndProject
Project("{FAE04EC0-301F-11D3-BF4B-00C04F79EFBC}") = "Presence.Persistence", "Server\Microservices\Presence\Infrastructure\Presence.Persistence\Presence.Persistence.csproj", "{2A61483B-BA7E-4AA9-8A62-DD189C0696F2}"
EndProject
Project("{FAE04EC0-301F-11D3-BF4B-00C04F79EFBC}") = "Presence.Domain", "Server\Microservices\Presence\Core\Presence.Domain\Presence.Domain.csproj", "{F956638B-3125-40C8-A828-2C887F880F4F}"
EndProject
Project("{FAE04EC0-301F-11D3-BF4B-00C04F79EFBC}") = "Presence.Application", "Server\Microservices\Presence\Core\Presence.Application\Presence.Application.csproj", "{9EE34205-AB62-4832-8449-E02B348A2EA4}"
EndProject
Project("{FAE04EC0-301F-11D3-BF4B-00C04F79EFBC}") = "Ocelot.WebApplication", "Server\APIGateways\Ocelot.WebApplication\Ocelot.WebApplication.csproj", "{0BF3C80A-2D21-4CA0-9F22-A4561879C34E}"
EndProject
Global
	GlobalSection(SolutionConfigurationPlatforms) = preSolution
		Debug|Any CPU = Debug|Any CPU
		Release|Any CPU = Release|Any CPU
	EndGlobalSection
	GlobalSection(ProjectConfigurationPlatforms) = postSolution
		{F4450F4E-BDD6-4657-B97A-8E1E8EA231B5}.Debug|Any CPU.ActiveCfg = Debug|Any CPU
		{F4450F4E-BDD6-4657-B97A-8E1E8EA231B5}.Debug|Any CPU.Build.0 = Debug|Any CPU
		{F4450F4E-BDD6-4657-B97A-8E1E8EA231B5}.Release|Any CPU.ActiveCfg = Release|Any CPU
		{F4450F4E-BDD6-4657-B97A-8E1E8EA231B5}.Release|Any CPU.Build.0 = Release|Any CPU
		{2248B19E-4278-4000-836C-52063C3A7E0A}.Debug|Any CPU.ActiveCfg = Debug|Any CPU
		{2248B19E-4278-4000-836C-52063C3A7E0A}.Debug|Any CPU.Build.0 = Debug|Any CPU
		{2248B19E-4278-4000-836C-52063C3A7E0A}.Release|Any CPU.ActiveCfg = Release|Any CPU
		{2248B19E-4278-4000-836C-52063C3A7E0A}.Release|Any CPU.Build.0 = Release|Any CPU
		{55363840-9249-414D-96DB-DC91DABD1B5B}.Debug|Any CPU.ActiveCfg = Debug|Any CPU
		{55363840-9249-414D-96DB-DC91DABD1B5B}.Debug|Any CPU.Build.0 = Debug|Any CPU
		{55363840-9249-414D-96DB-DC91DABD1B5B}.Release|Any CPU.ActiveCfg = Release|Any CPU
		{55363840-9249-414D-96DB-DC91DABD1B5B}.Release|Any CPU.Build.0 = Release|Any CPU
		{AD90F397-4B9F-4602-BF59-1F5C2FF0021D}.Debug|Any CPU.ActiveCfg = Debug|Any CPU
		{AD90F397-4B9F-4602-BF59-1F5C2FF0021D}.Debug|Any CPU.Build.0 = Debug|Any CPU
		{AD90F397-4B9F-4602-BF59-1F5C2FF0021D}.Release|Any CPU.ActiveCfg = Release|Any CPU
		{AD90F397-4B9F-4602-BF59-1F5C2FF0021D}.Release|Any CPU.Build.0 = Release|Any CPU
		{3E4FEE43-EE87-4C5B-A5D5-E43DBD7329D7}.Debug|Any CPU.ActiveCfg = Debug|Any CPU
		{3E4FEE43-EE87-4C5B-A5D5-E43DBD7329D7}.Debug|Any CPU.Build.0 = Debug|Any CPU
		{3E4FEE43-EE87-4C5B-A5D5-E43DBD7329D7}.Release|Any CPU.ActiveCfg = Release|Any CPU
		{3E4FEE43-EE87-4C5B-A5D5-E43DBD7329D7}.Release|Any CPU.Build.0 = Release|Any CPU
		{DFB1CD35-63BE-4895-835F-7F7D510E6DAC}.Debug|Any CPU.ActiveCfg = Debug|Any CPU
		{DFB1CD35-63BE-4895-835F-7F7D510E6DAC}.Debug|Any CPU.Build.0 = Debug|Any CPU
		{DFB1CD35-63BE-4895-835F-7F7D510E6DAC}.Release|Any CPU.ActiveCfg = Release|Any CPU
		{DFB1CD35-63BE-4895-835F-7F7D510E6DAC}.Release|Any CPU.Build.0 = Release|Any CPU
		{BAF93AFA-6D52-44B9-99FE-4501CAC6CF49}.Debug|Any CPU.ActiveCfg = Debug|Any CPU
		{BAF93AFA-6D52-44B9-99FE-4501CAC6CF49}.Debug|Any CPU.Build.0 = Debug|Any CPU
		{BAF93AFA-6D52-44B9-99FE-4501CAC6CF49}.Release|Any CPU.ActiveCfg = Release|Any CPU
		{BAF93AFA-6D52-44B9-99FE-4501CAC6CF49}.Release|Any CPU.Build.0 = Release|Any CPU
		{22138E3C-33DE-4DFC-A117-2B18D5250C95}.Debug|Any CPU.ActiveCfg = Debug|Any CPU
		{22138E3C-33DE-4DFC-A117-2B18D5250C95}.Debug|Any CPU.Build.0 = Debug|Any CPU
		{22138E3C-33DE-4DFC-A117-2B18D5250C95}.Release|Any CPU.ActiveCfg = Release|Any CPU
		{22138E3C-33DE-4DFC-A117-2B18D5250C95}.Release|Any CPU.Build.0 = Release|Any CPU
		{312D2E60-422E-4119-A074-E0985AF2F698}.Debug|Any CPU.ActiveCfg = Debug|Any CPU
		{312D2E60-422E-4119-A074-E0985AF2F698}.Debug|Any CPU.Build.0 = Debug|Any CPU
		{312D2E60-422E-4119-A074-E0985AF2F698}.Release|Any CPU.ActiveCfg = Release|Any CPU
		{312D2E60-422E-4119-A074-E0985AF2F698}.Release|Any CPU.Build.0 = Release|Any CPU
		{D47328FF-3245-466A-932D-F6C992594518}.Debug|Any CPU.ActiveCfg = Debug|Any CPU
		{D47328FF-3245-466A-932D-F6C992594518}.Debug|Any CPU.Build.0 = Debug|Any CPU
		{D47328FF-3245-466A-932D-F6C992594518}.Release|Any CPU.ActiveCfg = Release|Any CPU
		{D47328FF-3245-466A-932D-F6C992594518}.Release|Any CPU.Build.0 = Release|Any CPU
		{AED1322B-6DEB-4320-9E0F-60B8C06A0867}.Debug|Any CPU.ActiveCfg = Debug|Any CPU
		{AED1322B-6DEB-4320-9E0F-60B8C06A0867}.Debug|Any CPU.Build.0 = Debug|Any CPU
		{AED1322B-6DEB-4320-9E0F-60B8C06A0867}.Release|Any CPU.ActiveCfg = Release|Any CPU
		{AED1322B-6DEB-4320-9E0F-60B8C06A0867}.Release|Any CPU.Build.0 = Release|Any CPU
		{3385E4D4-C92C-4C85-89C3-267EA8D87524}.Debug|Any CPU.ActiveCfg = Debug|Any CPU
		{3385E4D4-C92C-4C85-89C3-267EA8D87524}.Debug|Any CPU.Build.0 = Debug|Any CPU
		{3385E4D4-C92C-4C85-89C3-267EA8D87524}.Release|Any CPU.ActiveCfg = Release|Any CPU
		{3385E4D4-C92C-4C85-89C3-267EA8D87524}.Release|Any CPU.Build.0 = Release|Any CPU
		{8165D1AA-E7C5-44F6-BD94-814F6C016395}.Debug|Any CPU.ActiveCfg = Debug|Any CPU
		{8165D1AA-E7C5-44F6-BD94-814F6C016395}.Debug|Any CPU.Build.0 = Debug|Any CPU
		{8165D1AA-E7C5-44F6-BD94-814F6C016395}.Release|Any CPU.ActiveCfg = Release|Any CPU
		{8165D1AA-E7C5-44F6-BD94-814F6C016395}.Release|Any CPU.Build.0 = Release|Any CPU
		{38F292BB-4528-4445-9C3D-39FA28A68102}.Debug|Any CPU.ActiveCfg = Debug|Any CPU
		{38F292BB-4528-4445-9C3D-39FA28A68102}.Debug|Any CPU.Build.0 = Debug|Any CPU
		{38F292BB-4528-4445-9C3D-39FA28A68102}.Release|Any CPU.ActiveCfg = Release|Any CPU
		{38F292BB-4528-4445-9C3D-39FA28A68102}.Release|Any CPU.Build.0 = Release|Any CPU
		{1C1C592F-EBF1-4353-8D9A-E20F5ABE4740}.Debug|Any CPU.ActiveCfg = Debug|Any CPU
		{1C1C592F-EBF1-4353-8D9A-E20F5ABE4740}.Debug|Any CPU.Build.0 = Debug|Any CPU
		{1C1C592F-EBF1-4353-8D9A-E20F5ABE4740}.Release|Any CPU.ActiveCfg = Release|Any CPU
		{1C1C592F-EBF1-4353-8D9A-E20F5ABE4740}.Release|Any CPU.Build.0 = Release|Any CPU
		{AF18F9E6-544A-4E6E-B9FE-1CBAFF246DB0}.Debug|Any CPU.ActiveCfg = Debug|Any CPU
		{AF18F9E6-544A-4E6E-B9FE-1CBAFF246DB0}.Debug|Any CPU.Build.0 = Debug|Any CPU
		{AF18F9E6-544A-4E6E-B9FE-1CBAFF246DB0}.Release|Any CPU.ActiveCfg = Release|Any CPU
		{AF18F9E6-544A-4E6E-B9FE-1CBAFF246DB0}.Release|Any CPU.Build.0 = Release|Any CPU
		{18C0D2CD-1DD5-45BC-888C-C7D82A175F5E}.Debug|Any CPU.ActiveCfg = Debug|Any CPU
		{18C0D2CD-1DD5-45BC-888C-C7D82A175F5E}.Debug|Any CPU.Build.0 = Debug|Any CPU
		{18C0D2CD-1DD5-45BC-888C-C7D82A175F5E}.Release|Any CPU.ActiveCfg = Release|Any CPU
		{18C0D2CD-1DD5-45BC-888C-C7D82A175F5E}.Release|Any CPU.Build.0 = Release|Any CPU
		{6436F029-95E3-4134-BF7C-DDEE672C596F}.Debug|Any CPU.ActiveCfg = Debug|Any CPU
		{6436F029-95E3-4134-BF7C-DDEE672C596F}.Debug|Any CPU.Build.0 = Debug|Any CPU
		{6436F029-95E3-4134-BF7C-DDEE672C596F}.Release|Any CPU.ActiveCfg = Release|Any CPU
		{6436F029-95E3-4134-BF7C-DDEE672C596F}.Release|Any CPU.Build.0 = Release|Any CPU
		{ADAE50EC-FC95-4AF9-B50A-D42E72550A8B}.Debug|Any CPU.ActiveCfg = Debug|Any CPU
		{ADAE50EC-FC95-4AF9-B50A-D42E72550A8B}.Debug|Any CPU.Build.0 = Debug|Any CPU
		{ADAE50EC-FC95-4AF9-B50A-D42E72550A8B}.Release|Any CPU.ActiveCfg = Release|Any CPU
		{ADAE50EC-FC95-4AF9-B50A-D42E72550A8B}.Release|Any CPU.Build.0 = Release|Any CPU
		{A0F8F09C-C407-4BF0-8944-E6B6AB6CDDE9}.Debug|Any CPU.ActiveCfg = Debug|Any CPU
		{A0F8F09C-C407-4BF0-8944-E6B6AB6CDDE9}.Debug|Any CPU.Build.0 = Debug|Any CPU
		{A0F8F09C-C407-4BF0-8944-E6B6AB6CDDE9}.Release|Any CPU.ActiveCfg = Release|Any CPU
		{A0F8F09C-C407-4BF0-8944-E6B6AB6CDDE9}.Release|Any CPU.Build.0 = Release|Any CPU
		{2A61483B-BA7E-4AA9-8A62-DD189C0696F2}.Debug|Any CPU.ActiveCfg = Debug|Any CPU
		{2A61483B-BA7E-4AA9-8A62-DD189C0696F2}.Debug|Any CPU.Build.0 = Debug|Any CPU
		{2A61483B-BA7E-4AA9-8A62-DD189C0696F2}.Release|Any CPU.ActiveCfg = Release|Any CPU
		{2A61483B-BA7E-4AA9-8A62-DD189C0696F2}.Release|Any CPU.Build.0 = Release|Any CPU
		{F956638B-3125-40C8-A828-2C887F880F4F}.Debug|Any CPU.ActiveCfg = Debug|Any CPU
		{F956638B-3125-40C8-A828-2C887F880F4F}.Debug|Any CPU.Build.0 = Debug|Any CPU
		{F956638B-3125-40C8-A828-2C887F880F4F}.Release|Any CPU.ActiveCfg = Release|Any CPU
		{F956638B-3125-40C8-A828-2C887F880F4F}.Release|Any CPU.Build.0 = Release|Any CPU
		{9EE34205-AB62-4832-8449-E02B348A2EA4}.Debug|Any CPU.ActiveCfg = Debug|Any CPU
		{9EE34205-AB62-4832-8449-E02B348A2EA4}.Debug|Any CPU.Build.0 = Debug|Any CPU
		{9EE34205-AB62-4832-8449-E02B348A2EA4}.Release|Any CPU.ActiveCfg = Release|Any CPU
		{9EE34205-AB62-4832-8449-E02B348A2EA4}.Release|Any CPU.Build.0 = Release|Any CPU
		{0BF3C80A-2D21-4CA0-9F22-A4561879C34E}.Debug|Any CPU.ActiveCfg = Debug|Any CPU
		{0BF3C80A-2D21-4CA0-9F22-A4561879C34E}.Debug|Any CPU.Build.0 = Debug|Any CPU
		{0BF3C80A-2D21-4CA0-9F22-A4561879C34E}.Release|Any CPU.ActiveCfg = Release|Any CPU
		{0BF3C80A-2D21-4CA0-9F22-A4561879C34E}.Release|Any CPU.Build.0 = Release|Any CPU
	EndGlobalSection
	GlobalSection(SolutionProperties) = preSolution
		HideSolutionNode = FALSE
	EndGlobalSection
	GlobalSection(NestedProjects) = preSolution
		{746E470C-A32E-4EB7-A7D1-F44DD12D58D9} = {02EA681E-C7D8-13C7-8484-4AC65E1B71E8}
		{A2FB66B9-5D36-4109-B988-B69EEA2CDA71} = {02EA681E-C7D8-13C7-8484-4AC65E1B71E8}
		{7CF28E45-5429-41A7-9338-19C615F3532C} = {02EA681E-C7D8-13C7-8484-4AC65E1B71E8}
		{F4450F4E-BDD6-4657-B97A-8E1E8EA231B5} = {7CF28E45-5429-41A7-9338-19C615F3532C}
		{2248B19E-4278-4000-836C-52063C3A7E0A} = {746E470C-A32E-4EB7-A7D1-F44DD12D58D9}
		{55363840-9249-414D-96DB-DC91DABD1B5B} = {746E470C-A32E-4EB7-A7D1-F44DD12D58D9}
		{AD90F397-4B9F-4602-BF59-1F5C2FF0021D} = {A2FB66B9-5D36-4109-B988-B69EEA2CDA71}
		{3E4FEE43-EE87-4C5B-A5D5-E43DBD7329D7} = {A2FB66B9-5D36-4109-B988-B69EEA2CDA71}
		{CC535DB6-8FFF-4D0F-AF37-61DF64AB6300} = {C5F33875-8CE9-4370-B9BD-13FEBA31690A}
		{DC8E38D4-F66E-45F3-BEA1-C66D7AAE1D51} = {CC535DB6-8FFF-4D0F-AF37-61DF64AB6300}
		{27A7D87F-1D19-4781-927A-924E10491AD3} = {CC535DB6-8FFF-4D0F-AF37-61DF64AB6300}
		{79EA0ED6-C11C-452B-9E99-36EBABF3DFE6} = {CC535DB6-8FFF-4D0F-AF37-61DF64AB6300}
		{74D503BD-C094-4A10-A33E-C893074D0200} = {CC535DB6-8FFF-4D0F-AF37-61DF64AB6300}
		{78C9B876-08E6-4EDA-BD06-E692E219C854} = {C5F33875-8CE9-4370-B9BD-13FEBA31690A}
		{1BB3F2A7-FE75-4159-85A7-D6B9C4699F67} = {27A7D87F-1D19-4781-927A-924E10491AD3}
		{0E634F04-4C2A-46D7-B0AF-0398C99C300F} = {27A7D87F-1D19-4781-927A-924E10491AD3}
		{31AB0AF1-FA6D-49D4-9364-A72843C51E38} = {27A7D87F-1D19-4781-927A-924E10491AD3}
		{6158DCEC-9725-4A9F-81C4-718EE6154F16} = {DC8E38D4-F66E-45F3-BEA1-C66D7AAE1D51}
		{C6032395-E71C-449B-8A3D-961920D87BF9} = {DC8E38D4-F66E-45F3-BEA1-C66D7AAE1D51}
		{76E437B9-229C-4AE4-93C4-F901B45BC92C} = {DC8E38D4-F66E-45F3-BEA1-C66D7AAE1D51}
		{AFC92273-50FE-4ED6-8F00-130EA415DCD4} = {74D503BD-C094-4A10-A33E-C893074D0200}
		{10C3BE9F-B920-4F98-9B4C-DCC7616CF6E2} = {74D503BD-C094-4A10-A33E-C893074D0200}
		{02B34247-6E9C-4307-8D28-31379208D3B9} = {74D503BD-C094-4A10-A33E-C893074D0200}
		{7B97E9E1-1676-438A-B5CC-FD2FBC93BA03} = {79EA0ED6-C11C-452B-9E99-36EBABF3DFE6}
		{6FEC0FD4-FC5D-48D9-A20C-9DF812CD38A3} = {79EA0ED6-C11C-452B-9E99-36EBABF3DFE6}
		{8A9EEC6B-5E70-458E-9089-8CDFCDF18658} = {79EA0ED6-C11C-452B-9E99-36EBABF3DFE6}
		{DFB1CD35-63BE-4895-835F-7F7D510E6DAC} = {1BB3F2A7-FE75-4159-85A7-D6B9C4699F67}
		{BAF93AFA-6D52-44B9-99FE-4501CAC6CF49} = {31AB0AF1-FA6D-49D4-9364-A72843C51E38}
		{22138E3C-33DE-4DFC-A117-2B18D5250C95} = {1BB3F2A7-FE75-4159-85A7-D6B9C4699F67}
		{312D2E60-422E-4119-A074-E0985AF2F698} = {0E634F04-4C2A-46D7-B0AF-0398C99C300F}
		{D47328FF-3245-466A-932D-F6C992594518} = {0E634F04-4C2A-46D7-B0AF-0398C99C300F}
		{AED1322B-6DEB-4320-9E0F-60B8C06A0867} = {6158DCEC-9725-4A9F-81C4-718EE6154F16}
		{3385E4D4-C92C-4C85-89C3-267EA8D87524} = {76E437B9-229C-4AE4-93C4-F901B45BC92C}
		{8165D1AA-E7C5-44F6-BD94-814F6C016395} = {76E437B9-229C-4AE4-93C4-F901B45BC92C}
		{38F292BB-4528-4445-9C3D-39FA28A68102} = {C6032395-E71C-449B-8A3D-961920D87BF9}
		{1C1C592F-EBF1-4353-8D9A-E20F5ABE4740} = {C6032395-E71C-449B-8A3D-961920D87BF9}
		{AF18F9E6-544A-4E6E-B9FE-1CBAFF246DB0} = {AFC92273-50FE-4ED6-8F00-130EA415DCD4}
		{18C0D2CD-1DD5-45BC-888C-C7D82A175F5E} = {10C3BE9F-B920-4F98-9B4C-DCC7616CF6E2}
		{6436F029-95E3-4134-BF7C-DDEE672C596F} = {02B34247-6E9C-4307-8D28-31379208D3B9}
		{ADAE50EC-FC95-4AF9-B50A-D42E72550A8B} = {8A9EEC6B-5E70-458E-9089-8CDFCDF18658}
		{A0F8F09C-C407-4BF0-8944-E6B6AB6CDDE9} = {6FEC0FD4-FC5D-48D9-A20C-9DF812CD38A3}
		{2A61483B-BA7E-4AA9-8A62-DD189C0696F2} = {6FEC0FD4-FC5D-48D9-A20C-9DF812CD38A3}
		{F956638B-3125-40C8-A828-2C887F880F4F} = {7B97E9E1-1676-438A-B5CC-FD2FBC93BA03}
		{9EE34205-AB62-4832-8449-E02B348A2EA4} = {7B97E9E1-1676-438A-B5CC-FD2FBC93BA03}
		{0BF3C80A-2D21-4CA0-9F22-A4561879C34E} = {78C9B876-08E6-4EDA-BD06-E692E219C854}
	EndGlobalSection
	GlobalSection(ExtensibilityGlobals) = postSolution
		SolutionGuid = {2F2F7925-F5A3-4878-A148-36A1B441EBCE}
	EndGlobalSection
EndGlobal
